// !$*UTF8*$!
{
	archiveVersion = 1;
	classes = {
	};
	objectVersion = 56;
	objects = {

/* Begin PBXBuildFile section */
		E138DE5C29AE88D300BBE47F /* CreateLeagueTableViewController.swift in Sources */ = {isa = PBXBuildFile; fileRef = E138DE5B29AE88D300BBE47F /* CreateLeagueTableViewController.swift */; };
		E138DE5F29AE89E400BBE47F /* League.swift in Sources */ = {isa = PBXBuildFile; fileRef = E138DE5E29AE89E400BBE47F /* League.swift */; };
		E138DE6129AE940000BBE47F /* GoogleService-Info.plist in Resources */ = {isa = PBXBuildFile; fileRef = E138DE6029AE940000BBE47F /* GoogleService-Info.plist */; };
		E147320629F99A9D009C000A /* UIViewController Extensions.swift in Sources */ = {isa = PBXBuildFile; fileRef = E147320529F99A9D009C000A /* UIViewController Extensions.swift */; };
		E149793229D4DAFC00ADEE60 /* TournamentUserDetailTableViewController.swift in Sources */ = {isa = PBXBuildFile; fileRef = E149793129D4DAFC00ADEE60 /* TournamentUserDetailTableViewController.swift */; };
		E149793429D5BCE700ADEE60 /* ObjectFetcher.swift in Sources */ = {isa = PBXBuildFile; fileRef = E149793329D5BCE700ADEE60 /* ObjectFetcher.swift */; };
		E149793829D86E8C00ADEE60 /* CalendarApiResponse.swift in Sources */ = {isa = PBXBuildFile; fileRef = E149793729D86E8C00ADEE60 /* CalendarApiResponse.swift */; };
		E149793A29DD06CC00ADEE60 /* Tournament.swift in Sources */ = {isa = PBXBuildFile; fileRef = E149793929DD06CC00ADEE60 /* Tournament.swift */; };
		E149793E29DE2D5600ADEE60 /* LeagueDetailTableViewController.swift in Sources */ = {isa = PBXBuildFile; fileRef = E149793D29DE2D5600ADEE60 /* LeagueDetailTableViewController.swift */; };
		E149794029DE305200ADEE60 /* TournamentTableViewCell.swift in Sources */ = {isa = PBXBuildFile; fileRef = E149793F29DE305200ADEE60 /* TournamentTableViewCell.swift */; };
		E149794429DF712A00ADEE60 /* SelectEventTableViewController.swift in Sources */ = {isa = PBXBuildFile; fileRef = E149794329DF712A00ADEE60 /* SelectEventTableViewController.swift */; };
		E149794929E0A41F00ADEE60 /* MinimalTournament.swift in Sources */ = {isa = PBXBuildFile; fileRef = E149794829E0A41F00ADEE60 /* MinimalTournament.swift */; };
		E16C1B8929E1EC1B0034762C /* CreateTournamentTableViewController.swift in Sources */ = {isa = PBXBuildFile; fileRef = E16C1B8829E1EC1B0034762C /* CreateTournamentTableViewController.swift */; };
		E16C1B8B29E5D3640034762C /* EventApiResponse.swift in Sources */ = {isa = PBXBuildFile; fileRef = E16C1B8A29E5D3640034762C /* EventApiResponse.swift */; };
		E16C1B8D29E9EC090034762C /* AthleteBetData.swift in Sources */ = {isa = PBXBuildFile; fileRef = E16C1B8C29E9EC090034762C /* AthleteBetData.swift */; };
		E16C1B8F29EAD5AA0034762C /* GoogleSheetsIDTableViewController.swift in Sources */ = {isa = PBXBuildFile; fileRef = E16C1B8E29EAD5AA0034762C /* GoogleSheetsIDTableViewController.swift */; };
		E16C1E7529C3970E003F037B /* ManageUsersTableViewController.swift in Sources */ = {isa = PBXBuildFile; fileRef = E16C1E7429C3970E003F037B /* ManageUsersTableViewController.swift */; };
		E19E3EA629CC75AB008A7D2E /* MakePicksTableViewController.swift in Sources */ = {isa = PBXBuildFile; fileRef = E19E3EA529CC75AB008A7D2E /* MakePicksTableViewController.swift */; };
		E19E3EA829CC897D008A7D2E /* PickTableViewCell.swift in Sources */ = {isa = PBXBuildFile; fileRef = E19E3EA729CC897D008A7D2E /* PickTableViewCell.swift */; };
		E19E3EAA29CD33DC008A7D2E /* ManageAthletesTableViewController.swift in Sources */ = {isa = PBXBuildFile; fileRef = E19E3EA929CD33DC008A7D2E /* ManageAthletesTableViewController.swift */; };
		E19E3EAC29CD33F2008A7D2E /* Athlete.swift in Sources */ = {isa = PBXBuildFile; fileRef = E19E3EAB29CD33F2008A7D2E /* Athlete.swift */; };
		E19E3EAE29CD419B008A7D2E /* AddEditAthleteTableViewController.swift in Sources */ = {isa = PBXBuildFile; fileRef = E19E3EAD29CD419B008A7D2E /* AddEditAthleteTableViewController.swift */; };
		E1AB1C2B29AFE1A8002A354B /* FirebaseAuth in Frameworks */ = {isa = PBXBuildFile; productRef = E1AB1C2A29AFE1A8002A354B /* FirebaseAuth */; };
		E1AB1C2D29AFE1A8002A354B /* FirebaseDatabase in Frameworks */ = {isa = PBXBuildFile; productRef = E1AB1C2C29AFE1A8002A354B /* FirebaseDatabase */; };
		E1AB1C2F29AFE537002A354B /* RegistrationViewController.swift in Sources */ = {isa = PBXBuildFile; fileRef = E1AB1C2E29AFE537002A354B /* RegistrationViewController.swift */; };
		E1AB1C3129AFFD61002A354B /* LeaguesTableViewController.swift in Sources */ = {isa = PBXBuildFile; fileRef = E1AB1C3029AFFD61002A354B /* LeaguesTableViewController.swift */; };
		E1AB1C3429B12A19002A354B /* LeagueTableViewCell.swift in Sources */ = {isa = PBXBuildFile; fileRef = E1AB1C3329B12A19002A354B /* LeagueTableViewCell.swift */; };
		E1AB1C3629B2828B002A354B /* TournamentDetailTableViewController.swift in Sources */ = {isa = PBXBuildFile; fileRef = E1AB1C3529B2828B002A354B /* TournamentDetailTableViewController.swift */; };
		E1AB1C3829B28B8E002A354B /* TournamentStandingTableViewCell.swift in Sources */ = {isa = PBXBuildFile; fileRef = E1AB1C3729B28B8E002A354B /* TournamentStandingTableViewCell.swift */; };
		E1AB1C3A29B29F9E002A354B /* User.swift in Sources */ = {isa = PBXBuildFile; fileRef = E1AB1C3929B29F9E002A354B /* User.swift */; };
		E1C4B10D29A560DF00F0DF67 /* AppDelegate.swift in Sources */ = {isa = PBXBuildFile; fileRef = E1C4B10C29A560DF00F0DF67 /* AppDelegate.swift */; };
		E1C4B10F29A560DF00F0DF67 /* SceneDelegate.swift in Sources */ = {isa = PBXBuildFile; fileRef = E1C4B10E29A560DF00F0DF67 /* SceneDelegate.swift */; };
		E1C4B11429A560DF00F0DF67 /* Main.storyboard in Resources */ = {isa = PBXBuildFile; fileRef = E1C4B11229A560DF00F0DF67 /* Main.storyboard */; };
		E1C4B11629A560E300F0DF67 /* Assets.xcassets in Resources */ = {isa = PBXBuildFile; fileRef = E1C4B11529A560E300F0DF67 /* Assets.xcassets */; };
		E1C4B11929A560E300F0DF67 /* LaunchScreen.storyboard in Resources */ = {isa = PBXBuildFile; fileRef = E1C4B11729A560E300F0DF67 /* LaunchScreen.storyboard */; };
		E1C4B12629A6C1DD00F0DF67 /* SignInViewController.swift in Sources */ = {isa = PBXBuildFile; fileRef = E1C4B12529A6C1DD00F0DF67 /* SignInViewController.swift */; };
		E1C4B12829A6C89C00F0DF67 /* AccountViewController.swift in Sources */ = {isa = PBXBuildFile; fileRef = E1C4B12729A6C89C00F0DF67 /* AccountViewController.swift */; };
		E1E0179C29CFD14600A5A546 /* TournamentStanding.swift in Sources */ = {isa = PBXBuildFile; fileRef = E1E0179B29CFD14600A5A546 /* TournamentStanding.swift */; };
		E1E0179E29CFD17A00A5A546 /* PickItem.swift in Sources */ = {isa = PBXBuildFile; fileRef = E1E0179D29CFD17A00A5A546 /* PickItem.swift */; };
		E1E824B329D26EEA0094903D /* MinimalLeague.swift in Sources */ = {isa = PBXBuildFile; fileRef = E1E824B229D26EEA0094903D /* MinimalLeague.swift */; };
/* End PBXBuildFile section */

/* Begin PBXFileReference section */
		E138DE5B29AE88D300BBE47F /* CreateLeagueTableViewController.swift */ = {isa = PBXFileReference; lastKnownFileType = sourcecode.swift; path = CreateLeagueTableViewController.swift; sourceTree = "<group>"; };
		E138DE5E29AE89E400BBE47F /* League.swift */ = {isa = PBXFileReference; lastKnownFileType = sourcecode.swift; path = League.swift; sourceTree = "<group>"; };
		E138DE6029AE940000BBE47F /* GoogleService-Info.plist */ = {isa = PBXFileReference; fileEncoding = 4; lastKnownFileType = text.plist.xml; path = "GoogleService-Info.plist"; sourceTree = "<group>"; };
		E147320529F99A9D009C000A /* UIViewController Extensions.swift */ = {isa = PBXFileReference; lastKnownFileType = sourcecode.swift; path = "UIViewController Extensions.swift"; sourceTree = "<group>"; };
		E149793129D4DAFC00ADEE60 /* TournamentUserDetailTableViewController.swift */ = {isa = PBXFileReference; lastKnownFileType = sourcecode.swift; path = TournamentUserDetailTableViewController.swift; sourceTree = "<group>"; };
		E149793329D5BCE700ADEE60 /* ObjectFetcher.swift */ = {isa = PBXFileReference; lastKnownFileType = sourcecode.swift; path = ObjectFetcher.swift; sourceTree = "<group>"; };
		E149793729D86E8C00ADEE60 /* CalendarApiResponse.swift */ = {isa = PBXFileReference; lastKnownFileType = sourcecode.swift; path = CalendarApiResponse.swift; sourceTree = "<group>"; };
		E149793929DD06CC00ADEE60 /* Tournament.swift */ = {isa = PBXFileReference; lastKnownFileType = sourcecode.swift; path = Tournament.swift; sourceTree = "<group>"; };
		E149793D29DE2D5600ADEE60 /* LeagueDetailTableViewController.swift */ = {isa = PBXFileReference; lastKnownFileType = sourcecode.swift; path = LeagueDetailTableViewController.swift; sourceTree = "<group>"; };
		E149793F29DE305200ADEE60 /* TournamentTableViewCell.swift */ = {isa = PBXFileReference; lastKnownFileType = sourcecode.swift; path = TournamentTableViewCell.swift; sourceTree = "<group>"; };
		E149794329DF712A00ADEE60 /* SelectEventTableViewController.swift */ = {isa = PBXFileReference; lastKnownFileType = sourcecode.swift; path = SelectEventTableViewController.swift; sourceTree = "<group>"; };
		E149794829E0A41F00ADEE60 /* MinimalTournament.swift */ = {isa = PBXFileReference; lastKnownFileType = sourcecode.swift; path = MinimalTournament.swift; sourceTree = "<group>"; };
		E16C1B8829E1EC1B0034762C /* CreateTournamentTableViewController.swift */ = {isa = PBXFileReference; lastKnownFileType = sourcecode.swift; path = CreateTournamentTableViewController.swift; sourceTree = "<group>"; };
		E16C1B8A29E5D3640034762C /* EventApiResponse.swift */ = {isa = PBXFileReference; lastKnownFileType = sourcecode.swift; path = EventApiResponse.swift; sourceTree = "<group>"; };
		E16C1B8C29E9EC090034762C /* AthleteBetData.swift */ = {isa = PBXFileReference; lastKnownFileType = sourcecode.swift; path = AthleteBetData.swift; sourceTree = "<group>"; };
		E16C1B8E29EAD5AA0034762C /* GoogleSheetsIDTableViewController.swift */ = {isa = PBXFileReference; lastKnownFileType = sourcecode.swift; path = GoogleSheetsIDTableViewController.swift; sourceTree = "<group>"; };
		E16C1E7429C3970E003F037B /* ManageUsersTableViewController.swift */ = {isa = PBXFileReference; lastKnownFileType = sourcecode.swift; path = ManageUsersTableViewController.swift; sourceTree = "<group>"; };
		E19E3EA529CC75AB008A7D2E /* MakePicksTableViewController.swift */ = {isa = PBXFileReference; lastKnownFileType = sourcecode.swift; path = MakePicksTableViewController.swift; sourceTree = "<group>"; };
		E19E3EA729CC897D008A7D2E /* PickTableViewCell.swift */ = {isa = PBXFileReference; lastKnownFileType = sourcecode.swift; path = PickTableViewCell.swift; sourceTree = "<group>"; };
		E19E3EA929CD33DC008A7D2E /* ManageAthletesTableViewController.swift */ = {isa = PBXFileReference; lastKnownFileType = sourcecode.swift; path = ManageAthletesTableViewController.swift; sourceTree = "<group>"; };
		E19E3EAB29CD33F2008A7D2E /* Athlete.swift */ = {isa = PBXFileReference; lastKnownFileType = sourcecode.swift; path = Athlete.swift; sourceTree = "<group>"; };
		E19E3EAD29CD419B008A7D2E /* AddEditAthleteTableViewController.swift */ = {isa = PBXFileReference; lastKnownFileType = sourcecode.swift; path = AddEditAthleteTableViewController.swift; sourceTree = "<group>"; };
		E1AB1C2E29AFE537002A354B /* RegistrationViewController.swift */ = {isa = PBXFileReference; lastKnownFileType = sourcecode.swift; path = RegistrationViewController.swift; sourceTree = "<group>"; };
		E1AB1C3029AFFD61002A354B /* LeaguesTableViewController.swift */ = {isa = PBXFileReference; lastKnownFileType = sourcecode.swift; path = LeaguesTableViewController.swift; sourceTree = "<group>"; };
		E1AB1C3329B12A19002A354B /* LeagueTableViewCell.swift */ = {isa = PBXFileReference; lastKnownFileType = sourcecode.swift; path = LeagueTableViewCell.swift; sourceTree = "<group>"; };
		E1AB1C3529B2828B002A354B /* TournamentDetailTableViewController.swift */ = {isa = PBXFileReference; lastKnownFileType = sourcecode.swift; path = TournamentDetailTableViewController.swift; sourceTree = "<group>"; };
		E1AB1C3729B28B8E002A354B /* TournamentStandingTableViewCell.swift */ = {isa = PBXFileReference; lastKnownFileType = sourcecode.swift; path = TournamentStandingTableViewCell.swift; sourceTree = "<group>"; };
		E1AB1C3929B29F9E002A354B /* User.swift */ = {isa = PBXFileReference; lastKnownFileType = sourcecode.swift; path = User.swift; sourceTree = "<group>"; };
		E1C4B10929A560DF00F0DF67 /* Par 4 Fantasy Golf.app */ = {isa = PBXFileReference; explicitFileType = wrapper.application; includeInIndex = 0; path = "Par 4 Fantasy Golf.app"; sourceTree = BUILT_PRODUCTS_DIR; };
		E1C4B10C29A560DF00F0DF67 /* AppDelegate.swift */ = {isa = PBXFileReference; lastKnownFileType = sourcecode.swift; path = AppDelegate.swift; sourceTree = "<group>"; };
		E1C4B10E29A560DF00F0DF67 /* SceneDelegate.swift */ = {isa = PBXFileReference; lastKnownFileType = sourcecode.swift; path = SceneDelegate.swift; sourceTree = "<group>"; };
		E1C4B11329A560DF00F0DF67 /* Base */ = {isa = PBXFileReference; lastKnownFileType = file.storyboard; name = Base; path = Base.lproj/Main.storyboard; sourceTree = "<group>"; };
		E1C4B11529A560E300F0DF67 /* Assets.xcassets */ = {isa = PBXFileReference; lastKnownFileType = folder.assetcatalog; path = Assets.xcassets; sourceTree = "<group>"; };
		E1C4B11829A560E300F0DF67 /* Base */ = {isa = PBXFileReference; lastKnownFileType = file.storyboard; name = Base; path = Base.lproj/LaunchScreen.storyboard; sourceTree = "<group>"; };
		E1C4B11A29A560E300F0DF67 /* Info.plist */ = {isa = PBXFileReference; lastKnownFileType = text.plist.xml; path = Info.plist; sourceTree = "<group>"; };
		E1C4B12529A6C1DD00F0DF67 /* SignInViewController.swift */ = {isa = PBXFileReference; lastKnownFileType = sourcecode.swift; path = SignInViewController.swift; sourceTree = "<group>"; };
		E1C4B12729A6C89C00F0DF67 /* AccountViewController.swift */ = {isa = PBXFileReference; lastKnownFileType = sourcecode.swift; path = AccountViewController.swift; sourceTree = "<group>"; };
		E1E0179B29CFD14600A5A546 /* TournamentStanding.swift */ = {isa = PBXFileReference; lastKnownFileType = sourcecode.swift; path = TournamentStanding.swift; sourceTree = "<group>"; };
		E1E0179D29CFD17A00A5A546 /* PickItem.swift */ = {isa = PBXFileReference; lastKnownFileType = sourcecode.swift; path = PickItem.swift; sourceTree = "<group>"; };
		E1E824B229D26EEA0094903D /* MinimalLeague.swift */ = {isa = PBXFileReference; lastKnownFileType = sourcecode.swift; path = MinimalLeague.swift; sourceTree = "<group>"; };
/* End PBXFileReference section */

/* Begin PBXFrameworksBuildPhase section */
		E1C4B10629A560DF00F0DF67 /* Frameworks */ = {
			isa = PBXFrameworksBuildPhase;
			buildActionMask = 2147483647;
			files = (
				E1AB1C2D29AFE1A8002A354B /* FirebaseDatabase in Frameworks */,
				E1AB1C2B29AFE1A8002A354B /* FirebaseAuth in Frameworks */,
			);
			runOnlyForDeploymentPostprocessing = 0;
		};
/* End PBXFrameworksBuildPhase section */

/* Begin PBXGroup section */
		E138DE5D29AE89CE00BBE47F /* Models */ = {
			isa = PBXGroup;
			children = (
				E1AB1C3929B29F9E002A354B /* User.swift */,
				E149794529E0A3B500ADEE60 /* Leagues */,
				E149794629E0A3CA00ADEE60 /* Tournaments */,
				E149794729E0A3EB00ADEE60 /* Networking */,
			);
			path = Models;
			sourceTree = "<group>";
		};
		E147320729FBE8A4009C000A /* Utility */ = {
			isa = PBXGroup;
			children = (
				E147320529F99A9D009C000A /* UIViewController Extensions.swift */,
			);
			path = Utility;
			sourceTree = "<group>";
		};
		E149793B29DE2CEE00ADEE60 /* Tournaments */ = {
			isa = PBXGroup;
			children = (
				E1AB1C3529B2828B002A354B /* TournamentDetailTableViewController.swift */,
				E149793129D4DAFC00ADEE60 /* TournamentUserDetailTableViewController.swift */,
				E149793C29DE2D1800ADEE60 /* Tournament Actions */,
			);
			path = Tournaments;
			sourceTree = "<group>";
		};
		E149793C29DE2D1800ADEE60 /* Tournament Actions */ = {
			isa = PBXGroup;
			children = (
				E19E3EA529CC75AB008A7D2E /* MakePicksTableViewController.swift */,
				E19E3EA929CD33DC008A7D2E /* ManageAthletesTableViewController.swift */,
				E19E3EAD29CD419B008A7D2E /* AddEditAthleteTableViewController.swift */,
			);
			path = "Tournament Actions";
			sourceTree = "<group>";
		};
		E149794529E0A3B500ADEE60 /* Leagues */ = {
			isa = PBXGroup;
			children = (
				E138DE5E29AE89E400BBE47F /* League.swift */,
				E1E824B229D26EEA0094903D /* MinimalLeague.swift */,
			);
			path = Leagues;
			sourceTree = "<group>";
		};
		E149794629E0A3CA00ADEE60 /* Tournaments */ = {
			isa = PBXGroup;
			children = (
				E149793929DD06CC00ADEE60 /* Tournament.swift */,
				E149794829E0A41F00ADEE60 /* MinimalTournament.swift */,
				E19E3EAB29CD33F2008A7D2E /* Athlete.swift */,
				E16C1B8C29E9EC090034762C /* AthleteBetData.swift */,
				E1E0179D29CFD17A00A5A546 /* PickItem.swift */,
				E1E0179B29CFD14600A5A546 /* TournamentStanding.swift */,
			);
			path = Tournaments;
			sourceTree = "<group>";
		};
		E149794729E0A3EB00ADEE60 /* Networking */ = {
			isa = PBXGroup;
			children = (
				E149793329D5BCE700ADEE60 /* ObjectFetcher.swift */,
				E149793729D86E8C00ADEE60 /* CalendarApiResponse.swift */,
				E16C1B8A29E5D3640034762C /* EventApiResponse.swift */,
			);
			path = Networking;
			sourceTree = "<group>";
		};
		E16C1B9029EAE02D0034762C /* Create Tournament Sub View Controllers */ = {
			isa = PBXGroup;
			children = (
				E149794329DF712A00ADEE60 /* SelectEventTableViewController.swift */,
				E16C1B8E29EAD5AA0034762C /* GoogleSheetsIDTableViewController.swift */,
			);
			path = "Create Tournament Sub View Controllers";
			sourceTree = "<group>";
		};
		E19E3EAF29CD41A6008A7D2E /* League Actions */ = {
			isa = PBXGroup;
			children = (
				E16C1B8829E1EC1B0034762C /* CreateTournamentTableViewController.swift */,
				E16C1E7429C3970E003F037B /* ManageUsersTableViewController.swift */,
				E16C1B9029EAE02D0034762C /* Create Tournament Sub View Controllers */,
			);
			path = "League Actions";
			sourceTree = "<group>";
		};
		E1AB1C3229B129B8002A354B /* Table View Cells */ = {
			isa = PBXGroup;
			children = (
				E1AB1C3329B12A19002A354B /* LeagueTableViewCell.swift */,
				E149793F29DE305200ADEE60 /* TournamentTableViewCell.swift */,
				E1AB1C3729B28B8E002A354B /* TournamentStandingTableViewCell.swift */,
				E19E3EA729CC897D008A7D2E /* PickTableViewCell.swift */,
			);
			path = "Table View Cells";
			sourceTree = "<group>";
		};
		E1C4B10029A560DF00F0DF67 = {
			isa = PBXGroup;
			children = (
				E1C4B10B29A560DF00F0DF67 /* Par 4 Fantasy Golf */,
				E1C4B10A29A560DF00F0DF67 /* Products */,
			);
			sourceTree = "<group>";
		};
		E1C4B10A29A560DF00F0DF67 /* Products */ = {
			isa = PBXGroup;
			children = (
				E1C4B10929A560DF00F0DF67 /* Par 4 Fantasy Golf.app */,
			);
			name = Products;
			sourceTree = "<group>";
		};
		E1C4B10B29A560DF00F0DF67 /* Par 4 Fantasy Golf */ = {
			isa = PBXGroup;
			children = (
				E1AB1C3229B129B8002A354B /* Table View Cells */,
				E138DE5D29AE89CE00BBE47F /* Models */,
				E1C4B12229A6C16600F0DF67 /* View Controllers */,
				E1C4B12029A6C14700F0DF67 /* App_Scene Delegate */,
				E147320729FBE8A4009C000A /* Utility */,
				E1C4B11229A560DF00F0DF67 /* Main.storyboard */,
				E1C4B11729A560E300F0DF67 /* LaunchScreen.storyboard */,
				E1C4B11529A560E300F0DF67 /* Assets.xcassets */,
				E1C4B11A29A560E300F0DF67 /* Info.plist */,
				E138DE6029AE940000BBE47F /* GoogleService-Info.plist */,
			);
			path = "Par 4 Fantasy Golf";
			sourceTree = "<group>";
		};
		E1C4B12029A6C14700F0DF67 /* App_Scene Delegate */ = {
			isa = PBXGroup;
			children = (
				E1C4B10C29A560DF00F0DF67 /* AppDelegate.swift */,
				E1C4B10E29A560DF00F0DF67 /* SceneDelegate.swift */,
			);
			path = "App_Scene Delegate";
			sourceTree = "<group>";
		};
		E1C4B12129A6C15900F0DF67 /* Authentication */ = {
			isa = PBXGroup;
			children = (
				E1C4B12529A6C1DD00F0DF67 /* SignInViewController.swift */,
				E1AB1C2E29AFE537002A354B /* RegistrationViewController.swift */,
			);
			path = Authentication;
			sourceTree = "<group>";
		};
		E1C4B12229A6C16600F0DF67 /* View Controllers */ = {
			isa = PBXGroup;
			children = (
				E1C4B12129A6C15900F0DF67 /* Authentication */,
				E1C4B12429A6C19700F0DF67 /* Leagues */,
				E149793B29DE2CEE00ADEE60 /* Tournaments */,
				E1C4B12329A6C18E00F0DF67 /* Account */,
			);
			path = "View Controllers";
			sourceTree = "<group>";
		};
		E1C4B12329A6C18E00F0DF67 /* Account */ = {
			isa = PBXGroup;
			children = (
				E1C4B12729A6C89C00F0DF67 /* AccountViewController.swift */,
			);
			path = Account;
			sourceTree = "<group>";
		};
		E1C4B12429A6C19700F0DF67 /* Leagues */ = {
			isa = PBXGroup;
			children = (
				E138DE5B29AE88D300BBE47F /* CreateLeagueTableViewController.swift */,
				E1AB1C3029AFFD61002A354B /* LeaguesTableViewController.swift */,
				E149793D29DE2D5600ADEE60 /* LeagueDetailTableViewController.swift */,
				E19E3EAF29CD41A6008A7D2E /* League Actions */,
			);
			path = Leagues;
			sourceTree = "<group>";
		};
/* End PBXGroup section */

/* Begin PBXNativeTarget section */
		E1C4B10829A560DF00F0DF67 /* Par 4 Fantasy Golf */ = {
			isa = PBXNativeTarget;
			buildConfigurationList = E1C4B11D29A560E300F0DF67 /* Build configuration list for PBXNativeTarget "Par 4 Fantasy Golf" */;
			buildPhases = (
				E1C4B10529A560DF00F0DF67 /* Sources */,
				E1C4B10629A560DF00F0DF67 /* Frameworks */,
				E1C4B10729A560DF00F0DF67 /* Resources */,
			);
			buildRules = (
			);
			dependencies = (
			);
			name = "Par 4 Fantasy Golf";
			packageProductDependencies = (
				E1AB1C2A29AFE1A8002A354B /* FirebaseAuth */,
				E1AB1C2C29AFE1A8002A354B /* FirebaseDatabase */,
			);
			productName = "Par 4 Fantasy Golf";
			productReference = E1C4B10929A560DF00F0DF67 /* Par 4 Fantasy Golf.app */;
			productType = "com.apple.product-type.application";
		};
/* End PBXNativeTarget section */

/* Begin PBXProject section */
		E1C4B10129A560DF00F0DF67 /* Project object */ = {
			isa = PBXProject;
			attributes = {
				BuildIndependentTargetsInParallel = 1;
				LastSwiftUpdateCheck = 1400;
				LastUpgradeCheck = 1400;
				TargetAttributes = {
					E1C4B10829A560DF00F0DF67 = {
						CreatedOnToolsVersion = 14.0;
					};
				};
			};
			buildConfigurationList = E1C4B10429A560DF00F0DF67 /* Build configuration list for PBXProject "Par 4 Fantasy Golf" */;
			compatibilityVersion = "Xcode 14.0";
			developmentRegion = en;
			hasScannedForEncodings = 0;
			knownRegions = (
				en,
				Base,
			);
			mainGroup = E1C4B10029A560DF00F0DF67;
			packageReferences = (
				E1AB1C2929AFE1A8002A354B /* XCRemoteSwiftPackageReference "firebase-ios-sdk" */,
			);
			productRefGroup = E1C4B10A29A560DF00F0DF67 /* Products */;
			projectDirPath = "";
			projectRoot = "";
			targets = (
				E1C4B10829A560DF00F0DF67 /* Par 4 Fantasy Golf */,
			);
		};
/* End PBXProject section */

/* Begin PBXResourcesBuildPhase section */
		E1C4B10729A560DF00F0DF67 /* Resources */ = {
			isa = PBXResourcesBuildPhase;
			buildActionMask = 2147483647;
			files = (
				E1C4B11929A560E300F0DF67 /* LaunchScreen.storyboard in Resources */,
				E138DE6129AE940000BBE47F /* GoogleService-Info.plist in Resources */,
				E1C4B11629A560E300F0DF67 /* Assets.xcassets in Resources */,
				E1C4B11429A560DF00F0DF67 /* Main.storyboard in Resources */,
			);
			runOnlyForDeploymentPostprocessing = 0;
		};
/* End PBXResourcesBuildPhase section */

/* Begin PBXSourcesBuildPhase section */
		E1C4B10529A560DF00F0DF67 /* Sources */ = {
			isa = PBXSourcesBuildPhase;
			buildActionMask = 2147483647;
			files = (
				E149793A29DD06CC00ADEE60 /* Tournament.swift in Sources */,
				E1AB1C3129AFFD61002A354B /* LeaguesTableViewController.swift in Sources */,
				E1C4B10D29A560DF00F0DF67 /* AppDelegate.swift in Sources */,
				E138DE5C29AE88D300BBE47F /* CreateLeagueTableViewController.swift in Sources */,
				E1C4B10F29A560DF00F0DF67 /* SceneDelegate.swift in Sources */,
				E16C1E7529C3970E003F037B /* ManageUsersTableViewController.swift in Sources */,
				E1AB1C3429B12A19002A354B /* LeagueTableViewCell.swift in Sources */,
				E149793229D4DAFC00ADEE60 /* TournamentUserDetailTableViewController.swift in Sources */,
				E16C1B8929E1EC1B0034762C /* CreateTournamentTableViewController.swift in Sources */,
				E19E3EA629CC75AB008A7D2E /* MakePicksTableViewController.swift in Sources */,
				E149793429D5BCE700ADEE60 /* ObjectFetcher.swift in Sources */,
				E149793E29DE2D5600ADEE60 /* LeagueDetailTableViewController.swift in Sources */,
				E149793829D86E8C00ADEE60 /* CalendarApiResponse.swift in Sources */,
				E16C1B8D29E9EC090034762C /* AthleteBetData.swift in Sources */,
				E1E0179E29CFD17A00A5A546 /* PickItem.swift in Sources */,
				E1C4B12829A6C89C00F0DF67 /* AccountViewController.swift in Sources */,
				E19E3EA829CC897D008A7D2E /* PickTableViewCell.swift in Sources */,
				E1AB1C2F29AFE537002A354B /* RegistrationViewController.swift in Sources */,
				E1E0179C29CFD14600A5A546 /* TournamentStanding.swift in Sources */,
				E16C1B8F29EAD5AA0034762C /* GoogleSheetsIDTableViewController.swift in Sources */,
				E16C1B8B29E5D3640034762C /* EventApiResponse.swift in Sources */,
				E138DE5F29AE89E400BBE47F /* League.swift in Sources */,
				E149794929E0A41F00ADEE60 /* MinimalTournament.swift in Sources */,
				E1AB1C3A29B29F9E002A354B /* User.swift in Sources */,
				E149794029DE305200ADEE60 /* TournamentTableViewCell.swift in Sources */,
				E147320629F99A9D009C000A /* UIViewController Extensions.swift in Sources */,
				E19E3EAA29CD33DC008A7D2E /* ManageAthletesTableViewController.swift in Sources */,
				E149794429DF712A00ADEE60 /* SelectEventTableViewController.swift in Sources */,
				E1E824B329D26EEA0094903D /* MinimalLeague.swift in Sources */,
				E1AB1C3829B28B8E002A354B /* TournamentStandingTableViewCell.swift in Sources */,
				E19E3EAC29CD33F2008A7D2E /* Athlete.swift in Sources */,
				E1C4B12629A6C1DD00F0DF67 /* SignInViewController.swift in Sources */,
				E1AB1C3629B2828B002A354B /* TournamentDetailTableViewController.swift in Sources */,
				E19E3EAE29CD419B008A7D2E /* AddEditAthleteTableViewController.swift in Sources */,
			);
			runOnlyForDeploymentPostprocessing = 0;
		};
/* End PBXSourcesBuildPhase section */

/* Begin PBXVariantGroup section */
		E1C4B11229A560DF00F0DF67 /* Main.storyboard */ = {
			isa = PBXVariantGroup;
			children = (
				E1C4B11329A560DF00F0DF67 /* Base */,
			);
			name = Main.storyboard;
			sourceTree = "<group>";
		};
		E1C4B11729A560E300F0DF67 /* LaunchScreen.storyboard */ = {
			isa = PBXVariantGroup;
			children = (
				E1C4B11829A560E300F0DF67 /* Base */,
			);
			name = LaunchScreen.storyboard;
			sourceTree = "<group>";
		};
/* End PBXVariantGroup section */

/* Begin XCBuildConfiguration section */
		E1C4B11B29A560E300F0DF67 /* Debug */ = {
			isa = XCBuildConfiguration;
			buildSettings = {
				ALWAYS_SEARCH_USER_PATHS = NO;
				CLANG_ANALYZER_NONNULL = YES;
				CLANG_ANALYZER_NUMBER_OBJECT_CONVERSION = YES_AGGRESSIVE;
				CLANG_CXX_LANGUAGE_STANDARD = "gnu++20";
				CLANG_ENABLE_MODULES = YES;
				CLANG_ENABLE_OBJC_ARC = YES;
				CLANG_ENABLE_OBJC_WEAK = YES;
				CLANG_WARN_BLOCK_CAPTURE_AUTORELEASING = YES;
				CLANG_WARN_BOOL_CONVERSION = YES;
				CLANG_WARN_COMMA = YES;
				CLANG_WARN_CONSTANT_CONVERSION = YES;
				CLANG_WARN_DEPRECATED_OBJC_IMPLEMENTATIONS = YES;
				CLANG_WARN_DIRECT_OBJC_ISA_USAGE = YES_ERROR;
				CLANG_WARN_DOCUMENTATION_COMMENTS = YES;
				CLANG_WARN_EMPTY_BODY = YES;
				CLANG_WARN_ENUM_CONVERSION = YES;
				CLANG_WARN_INFINITE_RECURSION = YES;
				CLANG_WARN_INT_CONVERSION = YES;
				CLANG_WARN_NON_LITERAL_NULL_CONVERSION = YES;
				CLANG_WARN_OBJC_IMPLICIT_RETAIN_SELF = YES;
				CLANG_WARN_OBJC_LITERAL_CONVERSION = YES;
				CLANG_WARN_OBJC_ROOT_CLASS = YES_ERROR;
				CLANG_WARN_QUOTED_INCLUDE_IN_FRAMEWORK_HEADER = YES;
				CLANG_WARN_RANGE_LOOP_ANALYSIS = YES;
				CLANG_WARN_STRICT_PROTOTYPES = YES;
				CLANG_WARN_SUSPICIOUS_MOVE = YES;
				CLANG_WARN_UNGUARDED_AVAILABILITY = YES_AGGRESSIVE;
				CLANG_WARN_UNREACHABLE_CODE = YES;
				CLANG_WARN__DUPLICATE_METHOD_MATCH = YES;
				COPY_PHASE_STRIP = NO;
				DEBUG_INFORMATION_FORMAT = dwarf;
				ENABLE_STRICT_OBJC_MSGSEND = YES;
				ENABLE_TESTABILITY = YES;
				GCC_C_LANGUAGE_STANDARD = gnu11;
				GCC_DYNAMIC_NO_PIC = NO;
				GCC_NO_COMMON_BLOCKS = YES;
				GCC_OPTIMIZATION_LEVEL = 0;
				GCC_PREPROCESSOR_DEFINITIONS = (
					"DEBUG=1",
					"$(inherited)",
				);
				GCC_WARN_64_TO_32_BIT_CONVERSION = YES;
				GCC_WARN_ABOUT_RETURN_TYPE = YES_ERROR;
				GCC_WARN_UNDECLARED_SELECTOR = YES;
				GCC_WARN_UNINITIALIZED_AUTOS = YES_AGGRESSIVE;
				GCC_WARN_UNUSED_FUNCTION = YES;
				GCC_WARN_UNUSED_VARIABLE = YES;
				IPHONEOS_DEPLOYMENT_TARGET = 16.0;
				MTL_ENABLE_DEBUG_INFO = INCLUDE_SOURCE;
				MTL_FAST_MATH = YES;
				ONLY_ACTIVE_ARCH = YES;
				SDKROOT = iphoneos;
				SWIFT_ACTIVE_COMPILATION_CONDITIONS = DEBUG;
				SWIFT_OPTIMIZATION_LEVEL = "-Onone";
			};
			name = Debug;
		};
		E1C4B11C29A560E300F0DF67 /* Release */ = {
			isa = XCBuildConfiguration;
			buildSettings = {
				ALWAYS_SEARCH_USER_PATHS = NO;
				CLANG_ANALYZER_NONNULL = YES;
				CLANG_ANALYZER_NUMBER_OBJECT_CONVERSION = YES_AGGRESSIVE;
				CLANG_CXX_LANGUAGE_STANDARD = "gnu++20";
				CLANG_ENABLE_MODULES = YES;
				CLANG_ENABLE_OBJC_ARC = YES;
				CLANG_ENABLE_OBJC_WEAK = YES;
				CLANG_WARN_BLOCK_CAPTURE_AUTORELEASING = YES;
				CLANG_WARN_BOOL_CONVERSION = YES;
				CLANG_WARN_COMMA = YES;
				CLANG_WARN_CONSTANT_CONVERSION = YES;
				CLANG_WARN_DEPRECATED_OBJC_IMPLEMENTATIONS = YES;
				CLANG_WARN_DIRECT_OBJC_ISA_USAGE = YES_ERROR;
				CLANG_WARN_DOCUMENTATION_COMMENTS = YES;
				CLANG_WARN_EMPTY_BODY = YES;
				CLANG_WARN_ENUM_CONVERSION = YES;
				CLANG_WARN_INFINITE_RECURSION = YES;
				CLANG_WARN_INT_CONVERSION = YES;
				CLANG_WARN_NON_LITERAL_NULL_CONVERSION = YES;
				CLANG_WARN_OBJC_IMPLICIT_RETAIN_SELF = YES;
				CLANG_WARN_OBJC_LITERAL_CONVERSION = YES;
				CLANG_WARN_OBJC_ROOT_CLASS = YES_ERROR;
				CLANG_WARN_QUOTED_INCLUDE_IN_FRAMEWORK_HEADER = YES;
				CLANG_WARN_RANGE_LOOP_ANALYSIS = YES;
				CLANG_WARN_STRICT_PROTOTYPES = YES;
				CLANG_WARN_SUSPICIOUS_MOVE = YES;
				CLANG_WARN_UNGUARDED_AVAILABILITY = YES_AGGRESSIVE;
				CLANG_WARN_UNREACHABLE_CODE = YES;
				CLANG_WARN__DUPLICATE_METHOD_MATCH = YES;
				COPY_PHASE_STRIP = NO;
				DEBUG_INFORMATION_FORMAT = "dwarf-with-dsym";
				ENABLE_NS_ASSERTIONS = NO;
				ENABLE_STRICT_OBJC_MSGSEND = YES;
				GCC_C_LANGUAGE_STANDARD = gnu11;
				GCC_NO_COMMON_BLOCKS = YES;
				GCC_WARN_64_TO_32_BIT_CONVERSION = YES;
				GCC_WARN_ABOUT_RETURN_TYPE = YES_ERROR;
				GCC_WARN_UNDECLARED_SELECTOR = YES;
				GCC_WARN_UNINITIALIZED_AUTOS = YES_AGGRESSIVE;
				GCC_WARN_UNUSED_FUNCTION = YES;
				GCC_WARN_UNUSED_VARIABLE = YES;
				IPHONEOS_DEPLOYMENT_TARGET = 16.0;
				MTL_ENABLE_DEBUG_INFO = NO;
				MTL_FAST_MATH = YES;
				SDKROOT = iphoneos;
				SWIFT_COMPILATION_MODE = wholemodule;
				SWIFT_OPTIMIZATION_LEVEL = "-O";
				VALIDATE_PRODUCT = YES;
			};
			name = Release;
		};
		E1C4B11E29A560E300F0DF67 /* Debug */ = {
			isa = XCBuildConfiguration;
			buildSettings = {
				ASSETCATALOG_COMPILER_APPICON_NAME = AppIcon;
				ASSETCATALOG_COMPILER_GLOBAL_ACCENT_COLOR_NAME = AccentColor;
				CODE_SIGN_ENTITLEMENTS = "";
				CODE_SIGN_IDENTITY = "Apple Development";
				CODE_SIGN_STYLE = Automatic;
				CURRENT_PROJECT_VERSION = 1;
				DEVELOPMENT_TEAM = XUYSV472G3;
				GENERATE_INFOPLIST_FILE = YES;
				INFOPLIST_FILE = "Par 4 Fantasy Golf/Info.plist";
				INFOPLIST_KEY_CFBundleDisplayName = "Par 4 Fantasy Golf";
				INFOPLIST_KEY_LSApplicationCategoryType = "public.app-category.sports";
				INFOPLIST_KEY_UIApplicationSupportsIndirectInputEvents = YES;
				INFOPLIST_KEY_UILaunchStoryboardName = LaunchScreen;
				INFOPLIST_KEY_UIMainStoryboardFile = Main;
				INFOPLIST_KEY_UISupportedInterfaceOrientations = UIInterfaceOrientationPortrait;
				INFOPLIST_KEY_UISupportedInterfaceOrientations_iPad = "UIInterfaceOrientationLandscapeLeft UIInterfaceOrientationLandscapeRight UIInterfaceOrientationPortrait UIInterfaceOrientationPortraitUpsideDown";
				LD_RUNPATH_SEARCH_PATHS = (
					"$(inherited)",
					"@executable_path/Frameworks",
				);
				MARKETING_VERSION = 1.0;
				PRODUCT_BUNDLE_IDENTIFIER = "com.brianaguirre.Par-4-Fantasy-Golf";
				PRODUCT_NAME = "$(TARGET_NAME)";
				PROVISIONING_PROFILE_SPECIFIER = "";
				SUPPORTED_PLATFORMS = "iphoneos iphonesimulator";
				SUPPORTS_MACCATALYST = NO;
				SUPPORTS_MAC_DESIGNED_FOR_IPHONE_IPAD = NO;
				SWIFT_EMIT_LOC_STRINGS = YES;
				SWIFT_VERSION = 5.0;
				TARGETED_DEVICE_FAMILY = 1;
			};
			name = Debug;
		};
		E1C4B11F29A560E300F0DF67 /* Release */ = {
			isa = XCBuildConfiguration;
			buildSettings = {
				ASSETCATALOG_COMPILER_APPICON_NAME = AppIcon;
				ASSETCATALOG_COMPILER_GLOBAL_ACCENT_COLOR_NAME = AccentColor;
				CODE_SIGN_ENTITLEMENTS = "";
				CODE_SIGN_IDENTITY = "Apple Development";
				CODE_SIGN_STYLE = Automatic;
				CURRENT_PROJECT_VERSION = 1;
				DEVELOPMENT_TEAM = XUYSV472G3;
				GENERATE_INFOPLIST_FILE = YES;
				INFOPLIST_FILE = "Par 4 Fantasy Golf/Info.plist";
				INFOPLIST_KEY_CFBundleDisplayName = "Par 4 Fantasy Golf";
				INFOPLIST_KEY_LSApplicationCategoryType = "public.app-category.sports";
				INFOPLIST_KEY_UIApplicationSupportsIndirectInputEvents = YES;
				INFOPLIST_KEY_UILaunchStoryboardName = LaunchScreen;
				INFOPLIST_KEY_UIMainStoryboardFile = Main;
				INFOPLIST_KEY_UISupportedInterfaceOrientations = UIInterfaceOrientationPortrait;
				INFOPLIST_KEY_UISupportedInterfaceOrientations_iPad = "UIInterfaceOrientationLandscapeLeft UIInterfaceOrientationLandscapeRight UIInterfaceOrientationPortrait UIInterfaceOrientationPortraitUpsideDown";
				LD_RUNPATH_SEARCH_PATHS = (
					"$(inherited)",
					"@executable_path/Frameworks",
				);
				MARKETING_VERSION = 1.0;
				PRODUCT_BUNDLE_IDENTIFIER = "com.brianaguirre.Par-4-Fantasy-Golf";
				PRODUCT_NAME = "$(TARGET_NAME)";
				PROVISIONING_PROFILE_SPECIFIER = "";
				SUPPORTED_PLATFORMS = "iphoneos iphonesimulator";
				SUPPORTS_MACCATALYST = NO;
				SUPPORTS_MAC_DESIGNED_FOR_IPHONE_IPAD = NO;
				SWIFT_EMIT_LOC_STRINGS = YES;
				SWIFT_VERSION = 5.0;
				TARGETED_DEVICE_FAMILY = 1;
			};
			name = Release;
		};
/* End XCBuildConfiguration section */

/* Begin XCConfigurationList section */
		E1C4B10429A560DF00F0DF67 /* Build configuration list for PBXProject "Par 4 Fantasy Golf" */ = {
			isa = XCConfigurationList;
			buildConfigurations = (
				E1C4B11B29A560E300F0DF67 /* Debug */,
				E1C4B11C29A560E300F0DF67 /* Release */,
			);
			defaultConfigurationIsVisible = 0;
			defaultConfigurationName = Release;
		};
		E1C4B11D29A560E300F0DF67 /* Build configuration list for PBXNativeTarget "Par 4 Fantasy Golf" */ = {
			isa = XCConfigurationList;
			buildConfigurations = (
				E1C4B11E29A560E300F0DF67 /* Debug */,
				E1C4B11F29A560E300F0DF67 /* Release */,
			);
			defaultConfigurationIsVisible = 0;
			defaultConfigurationName = Release;
		};
/* End XCConfigurationList section */

/* Begin XCRemoteSwiftPackageReference section */
		E1AB1C2929AFE1A8002A354B /* XCRemoteSwiftPackageReference "firebase-ios-sdk" */ = {
			isa = XCRemoteSwiftPackageReference;
			repositoryURL = "https://github.com/firebase/firebase-ios-sdk";
			requirement = {
				kind = upToNextMinorVersion;
				minimumVersion = 9.6.0;
			};
		};
/* End XCRemoteSwiftPackageReference section */

/* Begin XCSwiftPackageProductDependency section */
		E1AB1C2A29AFE1A8002A354B /* FirebaseAuth */ = {
			isa = XCSwiftPackageProductDependency;
			package = E1AB1C2929AFE1A8002A354B /* XCRemoteSwiftPackageReference "firebase-ios-sdk" */;
			productName = FirebaseAuth;
		};
		E1AB1C2C29AFE1A8002A354B /* FirebaseDatabase */ = {
			isa = XCSwiftPackageProductDependency;
			package = E1AB1C2929AFE1A8002A354B /* XCRemoteSwiftPackageReference "firebase-ios-sdk" */;
			productName = FirebaseDatabase;
		};
/* End XCSwiftPackageProductDependency section */
	};
	rootObject = E1C4B10129A560DF00F0DF67 /* Project object */;
}
